
Microsoft Visual Studio Solution File, Format Version 12.00
# Visual Studio 15
VisualStudioVersion = 15.0.27130.2010
MinimumVisualStudioVersion = 10.0.40219.1
Project("{FAE04EC0-301F-11D3-BF4B-00C04F79EFBC}") = "Nile.Windows", "Nile.Windows\Nile.Windows.csproj", "{13CFA713-342C-4567-9FB6-5A4C3E2DE09A}"
EndProject
Project("{FAE04EC0-301F-11D3-BF4B-00C04F79EFBC}") = "Nile", "Nile\Nile.csproj", "{B44187A5-D205-4651-B13E-E32DC37A5B03}"
EndProject
Project("{FAE04EC0-301F-11D3-BF4B-00C04F79EFBC}") = "Nile.Data.Memory", "Nile.Data.Memory\Nile.Data.Memory.csproj", "{7556A2B7-2347-46FD-AC7B-819FD9942796}"
EndProject
Global
	GlobalSection(SolutionConfigurationPlatforms) = preSolution
		Debug|Any CPU = Debug|Any CPU
		Release|Any CPU = Release|Any CPU
	EndGlobalSection
	GlobalSection(ProjectConfigurationPlatforms) = postSolution
		{13CFA713-342C-4567-9FB6-5A4C3E2DE09A}.Debug|Any CPU.ActiveCfg = Debug|Any CPU
		{13CFA713-342C-4567-9FB6-5A4C3E2DE09A}.Debug|Any CPU.Build.0 = Debug|Any CPU
		{13CFA713-342C-4567-9FB6-5A4C3E2DE09A}.Release|Any CPU.ActiveCfg = Release|Any CPU
		{13CFA713-342C-4567-9FB6-5A4C3E2DE09A}.Release|Any CPU.Build.0 = Release|Any CPU
		{B44187A5-D205-4651-B13E-E32DC37A5B03}.Debug|Any CPU.ActiveCfg = Debug|Any CPU
		{B44187A5-D205-4651-B13E-E32DC37A5B03}.Debug|Any CPU.Build.0 = Debug|Any CPU
		{B44187A5-D205-4651-B13E-E32DC37A5B03}.Release|Any CPU.ActiveCfg = Release|Any CPU
		{B44187A5-D205-4651-B13E-E32DC37A5B03}.Release|Any CPU.Build.0 = Release|Any CPU
		{7556A2B7-2347-46FD-AC7B-819FD9942796}.Debug|Any CPU.ActiveCfg = Debug|Any CPU
		{7556A2B7-2347-46FD-AC7B-819FD9942796}.Debug|Any CPU.Build.0 = Debug|Any CPU
		{7556A2B7-2347-46FD-AC7B-819FD9942796}.Release|Any CPU.ActiveCfg = Release|Any CPU
		{7556A2B7-2347-46FD-AC7B-819FD9942796}.Release|Any CPU.Build.0 = Release|Any CPU
	EndGlobalSection
	GlobalSection(SolutionProperties) = preSolution
		HideSolutionNode = FALSE
	EndGlobalSection
	GlobalSection(ExtensibilityGlobals) = postSolution
		SolutionGuid = {803EEA1C-33FB-41EA-A693-78B4100D9D6B}
	EndGlobalSection
EndGlobal
